
Microsoft Visual Studio Solution File, Format Version 12.00
# Visual Studio 14
VisualStudioVersion = 14.0.25123.0
MinimumVisualStudioVersion = 10.0.40219.1
Project("{2150E333-8FDC-42A3-9474-1A3956D46DE8}") = "src", "src", "{FC63148A-EDC8-4949-A0D7-5E32B202E578}"
EndProject
Project("{2150E333-8FDC-42A3-9474-1A3956D46DE8}") = "Solution Items", "Solution Items", "{908AC0F2-86FC-427E-A68E-7F9CE17BEED1}"
	ProjectSection(SolutionItems) = preProject
		global.json = global.json
		LICENSE = LICENSE
		README.md = README.md
	EndProjectSection
EndProject
Project("{8BB2217D-0F2D-49D1-97BC-3654ED321F3B}") = "CoreMUD", "src\CoreMUD\CoreMUD.xproj", "{5461D17F-AA4C-4808-9CE5-375FF49011AA}"
EndProject
Project("{2150E333-8FDC-42A3-9474-1A3956D46DE8}") = "test", "test", "{485C3842-58C7-481C-B7A1-1DD696E405B7}"
EndProject
Project("{8BB2217D-0F2D-49D1-97BC-3654ED321F3B}") = "CoreMUD.Core", "src\CoreMUD.Core\CoreMUD.Core.xproj", "{B53C5652-5461-4E1E-BC20-7AD712930A83}"
EndProject
Project("{8BB2217D-0F2D-49D1-97BC-3654ED321F3B}") = "CoreMUD.Core.Test", "test\CoreMUD.Core.Test\CoreMUD.Core.Test.xproj", "{106E38E9-B108-4D5B-AD3D-2CD4FA0D783D}"
EndProject
Project("{8BB2217D-0F2D-49D1-97BC-3654ED321F3B}") = "CoreMUD.Model", "src\CoreMUD.Model\CoreMUD.Model.xproj", "{EA049724-E81A-4E89-8A52-044A84EE9633}"
EndProject
Project("{8BB2217D-0F2D-49D1-97BC-3654ED321F3B}") = "CoreMUD.Interfaces", "src\CoreMUD.Interfaces\CoreMUD.Interfaces.xproj", "{48380544-F298-4804-8139-987E6F5EC20E}"
EndProject
Project("{8BB2217D-0F2D-49D1-97BC-3654ED321F3B}") = "Common", "src\Common\Common.xproj", "{58A83D7E-4801-4C53-AD01-73C0FE71AB66}"
EndProject
Project("{8BB2217D-0F2D-49D1-97BC-3654ED321F3B}") = "CoreMUD.ECS", "src\CoreMUD.ECS\CoreMUD.ECS.xproj", "{4F9B5210-4E57-4844-BA71-9310B43B3224}"
EndProject
Project("{8BB2217D-0F2D-49D1-97BC-3654ED321F3B}") = "CoreMUD.ECS.Test", "test\CoreMUD.ECS.Test\CoreMUD.ECS.Test.xproj", "{A423F783-8AA9-483C-A54D-51F2182E5A5E}"
EndProject
Global
	GlobalSection(SolutionConfigurationPlatforms) = preSolution
		Debug|Any CPU = Debug|Any CPU
		Release|Any CPU = Release|Any CPU
	EndGlobalSection
	GlobalSection(ProjectConfigurationPlatforms) = postSolution
		{5461D17F-AA4C-4808-9CE5-375FF49011AA}.Debug|Any CPU.ActiveCfg = Debug|Any CPU
		{5461D17F-AA4C-4808-9CE5-375FF49011AA}.Debug|Any CPU.Build.0 = Debug|Any CPU
		{5461D17F-AA4C-4808-9CE5-375FF49011AA}.Release|Any CPU.ActiveCfg = Release|Any CPU
		{5461D17F-AA4C-4808-9CE5-375FF49011AA}.Release|Any CPU.Build.0 = Release|Any CPU
		{B53C5652-5461-4E1E-BC20-7AD712930A83}.Debug|Any CPU.ActiveCfg = Debug|Any CPU
		{B53C5652-5461-4E1E-BC20-7AD712930A83}.Debug|Any CPU.Build.0 = Debug|Any CPU
		{B53C5652-5461-4E1E-BC20-7AD712930A83}.Release|Any CPU.ActiveCfg = Release|Any CPU
		{B53C5652-5461-4E1E-BC20-7AD712930A83}.Release|Any CPU.Build.0 = Release|Any CPU
		{106E38E9-B108-4D5B-AD3D-2CD4FA0D783D}.Debug|Any CPU.ActiveCfg = Debug|Any CPU
		{106E38E9-B108-4D5B-AD3D-2CD4FA0D783D}.Debug|Any CPU.Build.0 = Debug|Any CPU
		{106E38E9-B108-4D5B-AD3D-2CD4FA0D783D}.Release|Any CPU.ActiveCfg = Release|Any CPU
		{106E38E9-B108-4D5B-AD3D-2CD4FA0D783D}.Release|Any CPU.Build.0 = Release|Any CPU
		{EA049724-E81A-4E89-8A52-044A84EE9633}.Debug|Any CPU.ActiveCfg = Debug|Any CPU
		{EA049724-E81A-4E89-8A52-044A84EE9633}.Debug|Any CPU.Build.0 = Debug|Any CPU
		{EA049724-E81A-4E89-8A52-044A84EE9633}.Release|Any CPU.ActiveCfg = Release|Any CPU
		{EA049724-E81A-4E89-8A52-044A84EE9633}.Release|Any CPU.Build.0 = Release|Any CPU
		{48380544-F298-4804-8139-987E6F5EC20E}.Debug|Any CPU.ActiveCfg = Debug|Any CPU
		{48380544-F298-4804-8139-987E6F5EC20E}.Debug|Any CPU.Build.0 = Debug|Any CPU
		{48380544-F298-4804-8139-987E6F5EC20E}.Release|Any CPU.ActiveCfg = Release|Any CPU
		{48380544-F298-4804-8139-987E6F5EC20E}.Release|Any CPU.Build.0 = Release|Any CPU
		{58A83D7E-4801-4C53-AD01-73C0FE71AB66}.Debug|Any CPU.ActiveCfg = Debug|Any CPU
		{58A83D7E-4801-4C53-AD01-73C0FE71AB66}.Debug|Any CPU.Build.0 = Debug|Any CPU
		{58A83D7E-4801-4C53-AD01-73C0FE71AB66}.Release|Any CPU.ActiveCfg = Release|Any CPU
		{58A83D7E-4801-4C53-AD01-73C0FE71AB66}.Release|Any CPU.Build.0 = Release|Any CPU
		{4F9B5210-4E57-4844-BA71-9310B43B3224}.Debug|Any CPU.ActiveCfg = Debug|Any CPU
		{4F9B5210-4E57-4844-BA71-9310B43B3224}.Debug|Any CPU.Build.0 = Debug|Any CPU
		{4F9B5210-4E57-4844-BA71-9310B43B3224}.Release|Any CPU.ActiveCfg = Release|Any CPU
		{4F9B5210-4E57-4844-BA71-9310B43B3224}.Release|Any CPU.Build.0 = Release|Any CPU
		{A423F783-8AA9-483C-A54D-51F2182E5A5E}.Debug|Any CPU.ActiveCfg = Debug|Any CPU
		{A423F783-8AA9-483C-A54D-51F2182E5A5E}.Debug|Any CPU.Build.0 = Debug|Any CPU
		{A423F783-8AA9-483C-A54D-51F2182E5A5E}.Release|Any CPU.ActiveCfg = Release|Any CPU
		{A423F783-8AA9-483C-A54D-51F2182E5A5E}.Release|Any CPU.Build.0 = Release|Any CPU
	EndGlobalSection
	GlobalSection(SolutionProperties) = preSolution
		HideSolutionNode = FALSE
	EndGlobalSection
	GlobalSection(NestedProjects) = preSolution
		{5461D17F-AA4C-4808-9CE5-375FF49011AA} = {FC63148A-EDC8-4949-A0D7-5E32B202E578}
		{B53C5652-5461-4E1E-BC20-7AD712930A83} = {FC63148A-EDC8-4949-A0D7-5E32B202E578}
		{106E38E9-B108-4D5B-AD3D-2CD4FA0D783D} = {485C3842-58C7-481C-B7A1-1DD696E405B7}
		{EA049724-E81A-4E89-8A52-044A84EE9633} = {FC63148A-EDC8-4949-A0D7-5E32B202E578}
		{48380544-F298-4804-8139-987E6F5EC20E} = {FC63148A-EDC8-4949-A0D7-5E32B202E578}
		{58A83D7E-4801-4C53-AD01-73C0FE71AB66} = {FC63148A-EDC8-4949-A0D7-5E32B202E578}
		{4F9B5210-4E57-4844-BA71-9310B43B3224} = {FC63148A-EDC8-4949-A0D7-5E32B202E578}
		{A423F783-8AA9-483C-A54D-51F2182E5A5E} = {485C3842-58C7-481C-B7A1-1DD696E405B7}
	EndGlobalSection
EndGlobal
